
Microsoft Visual Studio Solution File, Format Version 12.00
# Visual Studio 15
VisualStudioVersion = 15.0.28306.52
MinimumVisualStudioVersion = 10.0.40219.1
Project("{9A19103F-16F7-4668-BE54-9A1E7A4F7556}") = "LightsOut.Engine", "LightsOut.Engine\LightsOut.Engine.csproj", "{353F8D60-9471-4445-8150-90FDAB4D5F92}"
EndProject
Project("{9A19103F-16F7-4668-BE54-9A1E7A4F7556}") = "LightsOut.Engine.Tests", "..\LightsOut.Engine.Tests\LightsOut.Engine.Tests.csproj", "{CCB273A8-27C7-4834-98C4-275A760E12D4}"
EndProject
Project("{FAE04EC0-301F-11D3-BF4B-00C04F79EFBC}") = "LightsOut.Wpf", "LightsOut.Wpf\LightsOut.Wpf.csproj", "{B855D683-FF4C-49C1-B5AD-69159E4D98F4}"
EndProject
Global
	GlobalSection(SolutionConfigurationPlatforms) = preSolution
		Debug|Any CPU = Debug|Any CPU
		Release|Any CPU = Release|Any CPU
	EndGlobalSection
	GlobalSection(ProjectConfigurationPlatforms) = postSolution
		{353F8D60-9471-4445-8150-90FDAB4D5F92}.Debug|Any CPU.ActiveCfg = Debug|Any CPU
		{353F8D60-9471-4445-8150-90FDAB4D5F92}.Debug|Any CPU.Build.0 = Debug|Any CPU
		{353F8D60-9471-4445-8150-90FDAB4D5F92}.Release|Any CPU.ActiveCfg = Release|Any CPU
		{353F8D60-9471-4445-8150-90FDAB4D5F92}.Release|Any CPU.Build.0 = Release|Any CPU
		{CCB273A8-27C7-4834-98C4-275A760E12D4}.Debug|Any CPU.ActiveCfg = Debug|Any CPU
		{CCB273A8-27C7-4834-98C4-275A760E12D4}.Debug|Any CPU.Build.0 = Debug|Any CPU
		{CCB273A8-27C7-4834-98C4-275A760E12D4}.Release|Any CPU.ActiveCfg = Release|Any CPU
		{CCB273A8-27C7-4834-98C4-275A760E12D4}.Release|Any CPU.Build.0 = Release|Any CPU
		{B855D683-FF4C-49C1-B5AD-69159E4D98F4}.Debug|Any CPU.ActiveCfg = Debug|Any CPU
		{B855D683-FF4C-49C1-B5AD-69159E4D98F4}.Debug|Any CPU.Build.0 = Debug|Any CPU
		{B855D683-FF4C-49C1-B5AD-69159E4D98F4}.Release|Any CPU.ActiveCfg = Release|Any CPU
		{B855D683-FF4C-49C1-B5AD-69159E4D98F4}.Release|Any CPU.Build.0 = Release|Any CPU
	EndGlobalSection
	GlobalSection(SolutionProperties) = preSolution
		HideSolutionNode = FALSE
	EndGlobalSection
	GlobalSection(ExtensibilityGlobals) = postSolution
		SolutionGuid = {46FF3B37-939B-4716-AF82-BA34E6574CC1}
	EndGlobalSection
EndGlobal
